
Microsoft Visual Studio Solution File, Format Version 12.00
# Visual Studio Version 17
VisualStudioVersion = 17.7.34031.279
MinimumVisualStudioVersion = 10.0.40219.1
Project("{FAE04EC0-301F-11D3-BF4B-00C04F79EFBC}") = "CandidateHubApi", "CandidateHubApi.csproj", "{CC40073B-5C0A-4958-AA62-65B5DA37BE2D}"
EndProject
Global
	GlobalSection(SolutionConfigurationPlatforms) = preSolution
		Debug|Any CPU = Debug|Any CPU
		Release|Any CPU = Release|Any CPU
	EndGlobalSection
	GlobalSection(ProjectConfigurationPlatforms) = postSolution
		{CC40073B-5C0A-4958-AA62-65B5DA37BE2D}.Debug|Any CPU.ActiveCfg = Debug|Any CPU
		{CC40073B-5C0A-4958-AA62-65B5DA37BE2D}.Debug|Any CPU.Build.0 = Debug|Any CPU
		{CC40073B-5C0A-4958-AA62-65B5DA37BE2D}.Release|Any CPU.ActiveCfg = Release|Any CPU
		{CC40073B-5C0A-4958-AA62-65B5DA37BE2D}.Release|Any CPU.Build.0 = Release|Any CPU
	EndGlobalSection
	GlobalSection(SolutionProperties) = preSolution
		HideSolutionNode = FALSE
	EndGlobalSection
	GlobalSection(ExtensibilityGlobals) = postSolution
		SolutionGuid = {61647CC7-278B-4FA7-B474-C1AFC1AE12DC}
	EndGlobalSection
EndGlobal
